
Microsoft Visual Studio Solution File, Format Version 12.00
# Visual Studio Version 17
VisualStudioVersion = 17.11.35222.181
MinimumVisualStudioVersion = 10.0.40219.1
Project("{FAE04EC0-301F-11D3-BF4B-00C04F79EFBC}") = "LINQLab", "LINQLab.csproj", "{14B49BEE-8960-4FE5-9F9B-CC72B8BEBE4C}"
EndProject
Global
	GlobalSection(SolutionConfigurationPlatforms) = preSolution
		Debug|Any CPU = Debug|Any CPU
		Release|Any CPU = Release|Any CPU
	EndGlobalSection
	GlobalSection(ProjectConfigurationPlatforms) = postSolution
		{14B49BEE-8960-4FE5-9F9B-CC72B8BEBE4C}.Debug|Any CPU.ActiveCfg = Debug|Any CPU
		{14B49BEE-8960-4FE5-9F9B-CC72B8BEBE4C}.Debug|Any CPU.Build.0 = Debug|Any CPU
		{14B49BEE-8960-4FE5-9F9B-CC72B8BEBE4C}.Release|Any CPU.ActiveCfg = Release|Any CPU
		{14B49BEE-8960-4FE5-9F9B-CC72B8BEBE4C}.Release|Any CPU.Build.0 = Release|Any CPU
	EndGlobalSection
	GlobalSection(SolutionProperties) = preSolution
		HideSolutionNode = FALSE
	EndGlobalSection
	GlobalSection(ExtensibilityGlobals) = postSolution
		SolutionGuid = {C24CBCF3-A0B8-4594-91E4-5EE46414D0BC}
	EndGlobalSection
EndGlobal
